
Microsoft Visual Studio Solution File, Format Version 12.00
# Visual Studio 2012
Project("{FAE04EC0-301F-11D3-BF4B-00C04F79EFBC}") = "WindowsFormsApplication1", "WindowsFormsApplication1\WindowsFormsApplication1.csproj", "{F60E5045-1AA1-4448-A84B-5205B43D3634}"
EndProject
Global
	GlobalSection(SolutionConfigurationPlatforms) = preSolution
		Debug|Any CPU = Debug|Any CPU
		Release|Any CPU = Release|Any CPU
	EndGlobalSection
	GlobalSection(ProjectConfigurationPlatforms) = postSolution
		{F60E5045-1AA1-4448-A84B-5205B43D3634}.Debug|Any CPU.ActiveCfg = Debug|Any CPU
		{F60E5045-1AA1-4448-A84B-5205B43D3634}.Debug|Any CPU.Build.0 = Debug|Any CPU
		{F60E5045-1AA1-4448-A84B-5205B43D3634}.Release|Any CPU.ActiveCfg = Release|Any CPU
		{F60E5045-1AA1-4448-A84B-5205B43D3634}.Release|Any CPU.Build.0 = Release|Any CPU
	EndGlobalSection
	GlobalSection(SolutionProperties) = preSolution
		HideSolutionNode = FALSE
	EndGlobalSection
EndGlobal
